
Microsoft Visual Studio Solution File, Format Version 12.00
# Visual Studio Version 16
VisualStudioVersion = 16.0.30309.148
MinimumVisualStudioVersion = 10.0.40219.1
Project("{FAE04EC0-301F-11D3-BF4B-00C04F79EFBC}") = "RooStatsSim", "RooStatsSim\RooStatsSim.csproj", "{2C9FF397-AD63-4A43-9E35-77235F63E07A}"
EndProject
Project("{FAE04EC0-301F-11D3-BF4B-00C04F79EFBC}") = "RooStatSimTest", "RooStatSimTest\RooStatSimTest.csproj", "{5C75F835-1C4C-4E67-A215-43FE7E9D6C17}"
EndProject
Global
	GlobalSection(SolutionConfigurationPlatforms) = preSolution
		Debug|Any CPU = Debug|Any CPU
		Release|Any CPU = Release|Any CPU
	EndGlobalSection
	GlobalSection(ProjectConfigurationPlatforms) = postSolution
		{2C9FF397-AD63-4A43-9E35-77235F63E07A}.Debug|Any CPU.ActiveCfg = Debug|Any CPU
		{2C9FF397-AD63-4A43-9E35-77235F63E07A}.Debug|Any CPU.Build.0 = Debug|Any CPU
		{2C9FF397-AD63-4A43-9E35-77235F63E07A}.Release|Any CPU.ActiveCfg = Release|Any CPU
		{2C9FF397-AD63-4A43-9E35-77235F63E07A}.Release|Any CPU.Build.0 = Release|Any CPU
		{5C75F835-1C4C-4E67-A215-43FE7E9D6C17}.Debug|Any CPU.ActiveCfg = Debug|Any CPU
		{5C75F835-1C4C-4E67-A215-43FE7E9D6C17}.Debug|Any CPU.Build.0 = Debug|Any CPU
		{5C75F835-1C4C-4E67-A215-43FE7E9D6C17}.Release|Any CPU.ActiveCfg = Release|Any CPU
		{5C75F835-1C4C-4E67-A215-43FE7E9D6C17}.Release|Any CPU.Build.0 = Release|Any CPU
	EndGlobalSection
	GlobalSection(SolutionProperties) = preSolution
		HideSolutionNode = FALSE
	EndGlobalSection
	GlobalSection(ExtensibilityGlobals) = postSolution
		SolutionGuid = {81D5FCAB-33C3-4EC3-9B38-172228442C72}
	EndGlobalSection
EndGlobal
